
Microsoft Visual Studio Solution File, Format Version 12.00
# Visual Studio 15
VisualStudioVersion = 15.0.28307.1300
MinimumVisualStudioVersion = 10.0.40219.1
Project("{FAE04EC0-301F-11D3-BF4B-00C04F79EFBC}") = "WpfApp1", "WpfApp1\WpfApp1.csproj", "{CFE7C0C3-3839-4BB5-B7A8-4D3E8C82BBFC}"
EndProject
Global
	GlobalSection(SolutionConfigurationPlatforms) = preSolution
		Debug|Any CPU = Debug|Any CPU
		Release|Any CPU = Release|Any CPU
	EndGlobalSection
	GlobalSection(ProjectConfigurationPlatforms) = postSolution
		{CFE7C0C3-3839-4BB5-B7A8-4D3E8C82BBFC}.Debug|Any CPU.ActiveCfg = Debug|Any CPU
		{CFE7C0C3-3839-4BB5-B7A8-4D3E8C82BBFC}.Debug|Any CPU.Build.0 = Debug|Any CPU
		{CFE7C0C3-3839-4BB5-B7A8-4D3E8C82BBFC}.Release|Any CPU.ActiveCfg = Release|Any CPU
		{CFE7C0C3-3839-4BB5-B7A8-4D3E8C82BBFC}.Release|Any CPU.Build.0 = Release|Any CPU
	EndGlobalSection
	GlobalSection(SolutionProperties) = preSolution
		HideSolutionNode = FALSE
	EndGlobalSection
	GlobalSection(ExtensibilityGlobals) = postSolution
		SolutionGuid = {6189F641-333A-4F63-BB4C-6C096BC90F77}
	EndGlobalSection
EndGlobal
